<?xml version="1.0" encoding="utf-8"?>
<Project ToolsVersion="4.0" xmlns="http://schemas.microsoft.com/developer/msbuild/2003">
  <ItemGroup>
    <ClCompile Include="network.c" />
    <ClCompile Include="log.c" />
    <ClCompile Include="cameleon.c" />
    <ClCompile Include="net_io.c" />
    <ClCompile Include="command_handlers.c" />
    <ClCompile Include="commands.c" />
    <ClCompile Include="clientgroup.c" />
    <ClCompile Include="monitoring.c" />
    <ClCompile Include="interrupt_handlers.c" />
    <ClCompile Include="interrupt_reader.c" />
    <ClCompile Include="shared_memory.c" />
    <ClCompile Include="config.c" />
    <ClCompile Include="workqueue.c" />
    <ClCompile Include="ram.c" />
    <ClCompile Include="test.c" />
    <ClCompile Include="main.c" />
    <ClCompile Include="sequence_params.c" />
    <ClCompile Include="hardware.c" />
    <ClCompile Include="udp_broadcaster.c" />
    <ClCompile Include="hw_transmitter.c" />
    <ClCompile Include="hw_gradient.c" />
    <ClCompile Include="hw_receiver.c" />
    <ClCompile Include="sequencer_interrupts.c" />
    <ClCompile Include="lock_interrupts.c" />
  </ItemGroup>
  <ItemGroup>
    <ClInclude Include="log.h" />
    <ClInclude Include="network.h" />
    <ClInclude Include="net_io.h" />
    <ClInclude Include="config.h" />
    <ClInclude Include="command_handlers.h" />
    <ClInclude Include="commands.h" />
    <ClInclude Include="clientgroup.h" />
    <ClInclude Include="monitoring.h" />
    <ClInclude Include="interrupt_handlers.h" />
    <ClInclude Include="interrupt_reader.h" />
    <ClInclude Include="std_includes.h" />
    <ClInclude Include="shared_memory.h" />
    <ClInclude Include="workqueue.h" />
    <ClInclude Include="ram.h" />
    <ClInclude Include="memory_map.h" />
    <ClInclude Include="generated\hps.h">
      <Filter>generated</Filter>
    </ClInclude>
    <ClInclude Include="generated\hps_arm_a9_0.h">
      <Filter>generated</Filter>
    </ClInclude>
    <ClInclude Include="generated\hps_arm_a9_1.h">
      <Filter>generated</Filter>
    </ClInclude>
    <ClInclude Include="generated\hps_bridges.h">
      <Filter>generated</Filter>
    </ClInclude>
    <ClInclude Include="sequence_params.h" />
    <ClInclude Include="hardware.h" />
    <ClInclude Include="udp_broadcaster.h" />
    <ClInclude Include="hw_transmitter.h" />
    <ClInclude Include="hw_gradient.h" />
    <ClInclude Include="hw_receiver.h" />
    <ClInclude Include="sequencer_interrupts.h" />
    <ClInclude Include="lock_interrupts.h" />
  </ItemGroup>
  <ItemGroup>
    <None Include="Makefile" />
    <None Include="config\cameleon.conf">
      <Filter>config</Filter>
    </None>
    <None Include="scripts\S60cameleon">
      <Filter>scripts</Filter>
    </None>
    <None Include="scripts\start.sh">
      <Filter>scripts</Filter>
    </None>
  </ItemGroup>
  <ItemGroup>
    <Text Include="README.txt" />
  </ItemGroup>
  <ItemGroup>
    <Filter Include="generated">
      <UniqueIdentifier>{98c3153e-6c7e-4466-80b0-fc21b2895389}</UniqueIdentifier>
    </Filter>
    <Filter Include="config">
      <UniqueIdentifier>{5bdeca56-abb8-4c7c-9be7-f9e9f44abdeb}</UniqueIdentifier>
    </Filter>
    <Filter Include="scripts">
      <UniqueIdentifier>{8b203b3e-f7f6-4c31-b2e2-f4d342957134}</UniqueIdentifier>
    </Filter>
  </ItemGroup>
</Project>